
Microsoft Visual Studio Solution File, Format Version 12.00
# Visual Studio Version 17
VisualStudioVersion = 17.14.36511.14 d17.14
MinimumVisualStudioVersion = 10.0.40219.1
Project("{FAE04EC0-301F-11D3-BF4B-00C04F79EFBC}") = "01_BitArray", "01_BitArray\01_BitArray.csproj", "{4D5D55A8-D64D-408A-874F-9344A3ADCA5B}"
EndProject
Project("{FAE04EC0-301F-11D3-BF4B-00C04F79EFBC}") = "02_BitwiseOperations", "02_BitwiseOperations\02_BitwiseOperations.csproj", "{EA1C8547-D594-4359-90EB-4E99EED65EC6}"
EndProject
Global
	GlobalSection(SolutionConfigurationPlatforms) = preSolution
		Debug|Any CPU = Debug|Any CPU
		Release|Any CPU = Release|Any CPU
	EndGlobalSection
	GlobalSection(ProjectConfigurationPlatforms) = postSolution
		{4D5D55A8-D64D-408A-874F-9344A3ADCA5B}.Debug|Any CPU.ActiveCfg = Debug|Any CPU
		{4D5D55A8-D64D-408A-874F-9344A3ADCA5B}.Debug|Any CPU.Build.0 = Debug|Any CPU
		{4D5D55A8-D64D-408A-874F-9344A3ADCA5B}.Release|Any CPU.ActiveCfg = Release|Any CPU
		{4D5D55A8-D64D-408A-874F-9344A3ADCA5B}.Release|Any CPU.Build.0 = Release|Any CPU
		{EA1C8547-D594-4359-90EB-4E99EED65EC6}.Debug|Any CPU.ActiveCfg = Debug|Any CPU
		{EA1C8547-D594-4359-90EB-4E99EED65EC6}.Debug|Any CPU.Build.0 = Debug|Any CPU
		{EA1C8547-D594-4359-90EB-4E99EED65EC6}.Release|Any CPU.ActiveCfg = Release|Any CPU
		{EA1C8547-D594-4359-90EB-4E99EED65EC6}.Release|Any CPU.Build.0 = Release|Any CPU
	EndGlobalSection
	GlobalSection(SolutionProperties) = preSolution
		HideSolutionNode = FALSE
	EndGlobalSection
	GlobalSection(ExtensibilityGlobals) = postSolution
		SolutionGuid = {54AC87EF-2DF6-49E8-907C-0963A3B90AF8}
	EndGlobalSection
EndGlobal
