
Microsoft Visual Studio Solution File, Format Version 12.00
# Visual Studio Version 17
VisualStudioVersion = 17.13.35931.197 d17.13
MinimumVisualStudioVersion = 10.0.40219.1
Project("{FAE04EC0-301F-11D3-BF4B-00C04F79EFBC}") = "Json_Serialization", "Json_Serialization.csproj", "{2D0CF1F9-C027-4E0A-9AA9-3107DB83A73D}"
EndProject
Global
	GlobalSection(SolutionConfigurationPlatforms) = preSolution
		Debug|Any CPU = Debug|Any CPU
		Release|Any CPU = Release|Any CPU
	EndGlobalSection
	GlobalSection(ProjectConfigurationPlatforms) = postSolution
		{2D0CF1F9-C027-4E0A-9AA9-3107DB83A73D}.Debug|Any CPU.ActiveCfg = Debug|Any CPU
		{2D0CF1F9-C027-4E0A-9AA9-3107DB83A73D}.Debug|Any CPU.Build.0 = Debug|Any CPU
		{2D0CF1F9-C027-4E0A-9AA9-3107DB83A73D}.Release|Any CPU.ActiveCfg = Release|Any CPU
		{2D0CF1F9-C027-4E0A-9AA9-3107DB83A73D}.Release|Any CPU.Build.0 = Release|Any CPU
	EndGlobalSection
	GlobalSection(SolutionProperties) = preSolution
		HideSolutionNode = FALSE
	EndGlobalSection
	GlobalSection(ExtensibilityGlobals) = postSolution
		SolutionGuid = {62328BAC-1365-417A-9FE8-BE1207D316DB}
	EndGlobalSection
EndGlobal
