
Microsoft Visual Studio Solution File, Format Version 12.00
# Visual Studio Version 17
VisualStudioVersion = 17.13.35931.197 d17.13
MinimumVisualStudioVersion = 10.0.40219.1
Project("{FAE04EC0-301F-11D3-BF4B-00C04F79EFBC}") = "13_StringBuilder", "13_StringBuilder.csproj", "{085041BC-521C-43AD-8DC4-33FA1A156549}"
EndProject
Global
	GlobalSection(SolutionConfigurationPlatforms) = preSolution
		Debug|Any CPU = Debug|Any CPU
		Release|Any CPU = Release|Any CPU
	EndGlobalSection
	GlobalSection(ProjectConfigurationPlatforms) = postSolution
		{085041BC-521C-43AD-8DC4-33FA1A156549}.Debug|Any CPU.ActiveCfg = Debug|Any CPU
		{085041BC-521C-43AD-8DC4-33FA1A156549}.Debug|Any CPU.Build.0 = Debug|Any CPU
		{085041BC-521C-43AD-8DC4-33FA1A156549}.Release|Any CPU.ActiveCfg = Release|Any CPU
		{085041BC-521C-43AD-8DC4-33FA1A156549}.Release|Any CPU.Build.0 = Release|Any CPU
	EndGlobalSection
	GlobalSection(SolutionProperties) = preSolution
		HideSolutionNode = FALSE
	EndGlobalSection
	GlobalSection(ExtensibilityGlobals) = postSolution
		SolutionGuid = {4C02D179-6EB4-4FBA-A75A-5275E3A2E167}
	EndGlobalSection
EndGlobal
