
Microsoft Visual Studio Solution File, Format Version 12.00
# Visual Studio Version 17
VisualStudioVersion = 17.14.36511.14 d17.14
MinimumVisualStudioVersion = 10.0.40219.1
Project("{FAE04EC0-301F-11D3-BF4B-00C04F79EFBC}") = "01_ImplementingIEnumerable", "01_ImplementingIEnumerable\01_ImplementingIEnumerable.csproj", "{01BDC748-281B-4FB7-91EA-EC0B54D7CAE5}"
EndProject
Global
	GlobalSection(SolutionConfigurationPlatforms) = preSolution
		Debug|Any CPU = Debug|Any CPU
		Release|Any CPU = Release|Any CPU
	EndGlobalSection
	GlobalSection(ProjectConfigurationPlatforms) = postSolution
		{01BDC748-281B-4FB7-91EA-EC0B54D7CAE5}.Debug|Any CPU.ActiveCfg = Debug|Any CPU
		{01BDC748-281B-4FB7-91EA-EC0B54D7CAE5}.Debug|Any CPU.Build.0 = Debug|Any CPU
		{01BDC748-281B-4FB7-91EA-EC0B54D7CAE5}.Release|Any CPU.ActiveCfg = Release|Any CPU
		{01BDC748-281B-4FB7-91EA-EC0B54D7CAE5}.Release|Any CPU.Build.0 = Release|Any CPU
	EndGlobalSection
	GlobalSection(SolutionProperties) = preSolution
		HideSolutionNode = FALSE
	EndGlobalSection
	GlobalSection(ExtensibilityGlobals) = postSolution
		SolutionGuid = {CACDE822-B3E2-4814-9C94-27AFABBB7A5E}
	EndGlobalSection
EndGlobal
