
Microsoft Visual Studio Solution File, Format Version 12.00
# Visual Studio Version 17
VisualStudioVersion = 17.13.35931.197 d17.13
MinimumVisualStudioVersion = 10.0.40219.1
Project("{FAE04EC0-301F-11D3-BF4B-00C04F79EFBC}") = "11_Intro To WindowssRegistry", "11_Intro To WindowssRegistry.csproj", "{AD04D75B-6413-4AF1-97F2-A48F1BC7F7FB}"
EndProject
Global
	GlobalSection(SolutionConfigurationPlatforms) = preSolution
		Debug|Any CPU = Debug|Any CPU
		Release|Any CPU = Release|Any CPU
	EndGlobalSection
	GlobalSection(ProjectConfigurationPlatforms) = postSolution
		{AD04D75B-6413-4AF1-97F2-A48F1BC7F7FB}.Debug|Any CPU.ActiveCfg = Debug|Any CPU
		{AD04D75B-6413-4AF1-97F2-A48F1BC7F7FB}.Debug|Any CPU.Build.0 = Debug|Any CPU
		{AD04D75B-6413-4AF1-97F2-A48F1BC7F7FB}.Release|Any CPU.ActiveCfg = Release|Any CPU
		{AD04D75B-6413-4AF1-97F2-A48F1BC7F7FB}.Release|Any CPU.Build.0 = Release|Any CPU
	EndGlobalSection
	GlobalSection(SolutionProperties) = preSolution
		HideSolutionNode = FALSE
	EndGlobalSection
	GlobalSection(ExtensibilityGlobals) = postSolution
		SolutionGuid = {3E52892F-D4C1-47AF-B154-637DC431D9A1}
	EndGlobalSection
EndGlobal
