
Microsoft Visual Studio Solution File, Format Version 12.00
# Visual Studio Version 17
VisualStudioVersion = 17.13.35931.197 d17.13
MinimumVisualStudioVersion = 10.0.40219.1
Project("{FAE04EC0-301F-11D3-BF4B-00C04F79EFBC}") = "Conditional_Attributes", "Conditional_Attributes.csproj", "{10212CEF-A5D3-450A-BBF9-57AD0ABD49AE}"
EndProject
Global
	GlobalSection(SolutionConfigurationPlatforms) = preSolution
		Debug|Any CPU = Debug|Any CPU
		Release|Any CPU = Release|Any CPU
	EndGlobalSection
	GlobalSection(ProjectConfigurationPlatforms) = postSolution
		{10212CEF-A5D3-450A-BBF9-57AD0ABD49AE}.Debug|Any CPU.ActiveCfg = Debug|Any CPU
		{10212CEF-A5D3-450A-BBF9-57AD0ABD49AE}.Debug|Any CPU.Build.0 = Debug|Any CPU
		{10212CEF-A5D3-450A-BBF9-57AD0ABD49AE}.Release|Any CPU.ActiveCfg = Release|Any CPU
		{10212CEF-A5D3-450A-BBF9-57AD0ABD49AE}.Release|Any CPU.Build.0 = Release|Any CPU
	EndGlobalSection
	GlobalSection(SolutionProperties) = preSolution
		HideSolutionNode = FALSE
	EndGlobalSection
	GlobalSection(ExtensibilityGlobals) = postSolution
		SolutionGuid = {31A47648-8598-4D17-A586-D9F259645FD6}
	EndGlobalSection
EndGlobal
