
Microsoft Visual Studio Solution File, Format Version 12.00
# Visual Studio Version 17
VisualStudioVersion = 17.13.35806.99 d17.13
MinimumVisualStudioVersion = 10.0.40219.1
Project("{FAE04EC0-301F-11D3-BF4B-00C04F79EFBC}") = "01_Class-Object", "..\01_Class-Object\01_Class-Object.csproj", "{9444E54E-69E1-4B07-AB8B-1BADC5A6C4B3}"
EndProject
Project("{FAE04EC0-301F-11D3-BF4B-00C04F79EFBC}") = "02_AccessModifiers", "..\02_AccessModifiers\02_AccessModifiers.csproj", "{EE65DF64-5906-4E65-ADA2-425525E3842A}"
EndProject
Global
	GlobalSection(SolutionConfigurationPlatforms) = preSolution
		Debug|Any CPU = Debug|Any CPU
		Release|Any CPU = Release|Any CPU
	EndGlobalSection
	GlobalSection(ProjectConfigurationPlatforms) = postSolution
		{9444E54E-69E1-4B07-AB8B-1BADC5A6C4B3}.Debug|Any CPU.ActiveCfg = Debug|Any CPU
		{9444E54E-69E1-4B07-AB8B-1BADC5A6C4B3}.Debug|Any CPU.Build.0 = Debug|Any CPU
		{9444E54E-69E1-4B07-AB8B-1BADC5A6C4B3}.Release|Any CPU.ActiveCfg = Release|Any CPU
		{9444E54E-69E1-4B07-AB8B-1BADC5A6C4B3}.Release|Any CPU.Build.0 = Release|Any CPU
		{EE65DF64-5906-4E65-ADA2-425525E3842A}.Debug|Any CPU.ActiveCfg = Debug|Any CPU
		{EE65DF64-5906-4E65-ADA2-425525E3842A}.Debug|Any CPU.Build.0 = Debug|Any CPU
		{EE65DF64-5906-4E65-ADA2-425525E3842A}.Release|Any CPU.ActiveCfg = Release|Any CPU
		{EE65DF64-5906-4E65-ADA2-425525E3842A}.Release|Any CPU.Build.0 = Release|Any CPU
	EndGlobalSection
	GlobalSection(SolutionProperties) = preSolution
		HideSolutionNode = FALSE
	EndGlobalSection
	GlobalSection(ExtensibilityGlobals) = postSolution
		SolutionGuid = {32A16097-CF18-4BE3-83E9-4DC66A1D8DC1}
	EndGlobalSection
EndGlobal
