
Microsoft Visual Studio Solution File, Format Version 12.00
# Visual Studio Version 17
VisualStudioVersion = 17.14.36518.9
MinimumVisualStudioVersion = 10.0.40219.1
Project("{FAE04EC0-301F-11D3-BF4B-00C04F79EFBC}") = "01_1_LinearSearch", "8_AlgorithmsLevel-2\01_1_LinearSearch.csproj", "{88197153-1F5F-452E-B02D-A94EC2EA8A15}"
EndProject
Project("{2150E333-8FDC-42A3-9474-1A3956D46DE8}") = "01_BasicSearchAlgo", "01_BasicSearchAlgo", "{02EA681E-C7D8-13C7-8484-4AC65E1B71E8}"
EndProject
Project("{FAE04EC0-301F-11D3-BF4B-00C04F79EFBC}") = "01_2_BinarySearch", "02_BinarySearch\01_2_BinarySearch.csproj", "{3CFE5852-18AF-46D4-A0FC-13249B0C18B0}"
EndProject
Project("{2150E333-8FDC-42A3-9474-1A3956D46DE8}") = "02_SimpleSorts", "02_SimpleSorts", "{B69DEC13-0F43-498E-AA12-3A0EE8BB267D}"
EndProject
Project("{FAE04EC0-301F-11D3-BF4B-00C04F79EFBC}") = "02_1_BubbleSort", "01_BubbleSort\02_1_BubbleSort.csproj", "{4181EBFE-487D-4F62-BF12-DAC796116E77}"
EndProject
Project("{FAE04EC0-301F-11D3-BF4B-00C04F79EFBC}") = "02_2_SelectionSort", "02_SelectionSort\02_2_SelectionSort.csproj", "{56BF40A1-E73F-4923-A950-402617DB5002}"
EndProject
Project("{FAE04EC0-301F-11D3-BF4B-00C04F79EFBC}") = "02_3_InsertionSort", "03_InsertionSort\02_3_InsertionSort.csproj", "{03672CD9-EE86-4BB1-A83D-2D683DEF2BFD}"
EndProject
Project("{2150E333-8FDC-42A3-9474-1A3956D46DE8}") = "03_Tree Traversal", "03_Tree Traversal", "{01BE60E0-4732-416F-A622-3DB54CE4D525}"
EndProject
Project("{FAE04EC0-301F-11D3-BF4B-00C04F79EFBC}") = "03_1_LevelOrder-BFS-Traversal", "01_LevelOrder-BFS-Traversal\03_1_LevelOrder-BFS-Traversal.csproj", "{206456F3-9D9F-4A52-97CC-7A813816A36C}"
EndProject
Project("{2150E333-8FDC-42A3-9474-1A3956D46DE8}") = "04_BinarySearchTree", "04_BinarySearchTree", "{C13FB597-FD48-44C5-A2D1-DC1F74AF4682}"
EndProject
Project("{FAE04EC0-301F-11D3-BF4B-00C04F79EFBC}") = "04_1_BST-Implementation", "04_1_BDT-Implentation\04_1_BST-Implementation.csproj", "{622161FA-8460-4652-9FFC-DCA3251FBC7A}"
EndProject
Project("{FAE04EC0-301F-11D3-BF4B-00C04F79EFBC}") = "04_2_AlgorithmToSearchInBST", "04_2_AlgorithmToSearchInBST\04_2_AlgorithmToSearchInBST.csproj", "{9E30E7F6-40CC-4232-8BAF-487496B002B9}"
EndProject
Project("{2150E333-8FDC-42A3-9474-1A3956D46DE8}") = "05_BalancedTree_AVL", "05_BalancedTree_AVL", "{4CAA30B4-AE63-4D15-BBED-F05F7B9F75EB}"
EndProject
Global
	GlobalSection(SolutionConfigurationPlatforms) = preSolution
		Debug|Any CPU = Debug|Any CPU
		Release|Any CPU = Release|Any CPU
	EndGlobalSection
	GlobalSection(ProjectConfigurationPlatforms) = postSolution
		{88197153-1F5F-452E-B02D-A94EC2EA8A15}.Debug|Any CPU.ActiveCfg = Debug|Any CPU
		{88197153-1F5F-452E-B02D-A94EC2EA8A15}.Debug|Any CPU.Build.0 = Debug|Any CPU
		{88197153-1F5F-452E-B02D-A94EC2EA8A15}.Release|Any CPU.ActiveCfg = Release|Any CPU
		{88197153-1F5F-452E-B02D-A94EC2EA8A15}.Release|Any CPU.Build.0 = Release|Any CPU
		{3CFE5852-18AF-46D4-A0FC-13249B0C18B0}.Debug|Any CPU.ActiveCfg = Debug|Any CPU
		{3CFE5852-18AF-46D4-A0FC-13249B0C18B0}.Debug|Any CPU.Build.0 = Debug|Any CPU
		{3CFE5852-18AF-46D4-A0FC-13249B0C18B0}.Release|Any CPU.ActiveCfg = Release|Any CPU
		{3CFE5852-18AF-46D4-A0FC-13249B0C18B0}.Release|Any CPU.Build.0 = Release|Any CPU
		{4181EBFE-487D-4F62-BF12-DAC796116E77}.Debug|Any CPU.ActiveCfg = Debug|Any CPU
		{4181EBFE-487D-4F62-BF12-DAC796116E77}.Debug|Any CPU.Build.0 = Debug|Any CPU
		{4181EBFE-487D-4F62-BF12-DAC796116E77}.Release|Any CPU.ActiveCfg = Release|Any CPU
		{4181EBFE-487D-4F62-BF12-DAC796116E77}.Release|Any CPU.Build.0 = Release|Any CPU
		{56BF40A1-E73F-4923-A950-402617DB5002}.Debug|Any CPU.ActiveCfg = Debug|Any CPU
		{56BF40A1-E73F-4923-A950-402617DB5002}.Debug|Any CPU.Build.0 = Debug|Any CPU
		{56BF40A1-E73F-4923-A950-402617DB5002}.Release|Any CPU.ActiveCfg = Release|Any CPU
		{56BF40A1-E73F-4923-A950-402617DB5002}.Release|Any CPU.Build.0 = Release|Any CPU
		{03672CD9-EE86-4BB1-A83D-2D683DEF2BFD}.Debug|Any CPU.ActiveCfg = Debug|Any CPU
		{03672CD9-EE86-4BB1-A83D-2D683DEF2BFD}.Debug|Any CPU.Build.0 = Debug|Any CPU
		{03672CD9-EE86-4BB1-A83D-2D683DEF2BFD}.Release|Any CPU.ActiveCfg = Release|Any CPU
		{03672CD9-EE86-4BB1-A83D-2D683DEF2BFD}.Release|Any CPU.Build.0 = Release|Any CPU
		{206456F3-9D9F-4A52-97CC-7A813816A36C}.Debug|Any CPU.ActiveCfg = Debug|Any CPU
		{206456F3-9D9F-4A52-97CC-7A813816A36C}.Debug|Any CPU.Build.0 = Debug|Any CPU
		{206456F3-9D9F-4A52-97CC-7A813816A36C}.Release|Any CPU.ActiveCfg = Release|Any CPU
		{206456F3-9D9F-4A52-97CC-7A813816A36C}.Release|Any CPU.Build.0 = Release|Any CPU
		{622161FA-8460-4652-9FFC-DCA3251FBC7A}.Debug|Any CPU.ActiveCfg = Debug|Any CPU
		{622161FA-8460-4652-9FFC-DCA3251FBC7A}.Debug|Any CPU.Build.0 = Debug|Any CPU
		{622161FA-8460-4652-9FFC-DCA3251FBC7A}.Release|Any CPU.ActiveCfg = Release|Any CPU
		{622161FA-8460-4652-9FFC-DCA3251FBC7A}.Release|Any CPU.Build.0 = Release|Any CPU
		{9E30E7F6-40CC-4232-8BAF-487496B002B9}.Debug|Any CPU.ActiveCfg = Debug|Any CPU
		{9E30E7F6-40CC-4232-8BAF-487496B002B9}.Debug|Any CPU.Build.0 = Debug|Any CPU
		{9E30E7F6-40CC-4232-8BAF-487496B002B9}.Release|Any CPU.ActiveCfg = Release|Any CPU
		{9E30E7F6-40CC-4232-8BAF-487496B002B9}.Release|Any CPU.Build.0 = Release|Any CPU
	EndGlobalSection
	GlobalSection(SolutionProperties) = preSolution
		HideSolutionNode = FALSE
	EndGlobalSection
	GlobalSection(NestedProjects) = preSolution
		{88197153-1F5F-452E-B02D-A94EC2EA8A15} = {02EA681E-C7D8-13C7-8484-4AC65E1B71E8}
		{3CFE5852-18AF-46D4-A0FC-13249B0C18B0} = {02EA681E-C7D8-13C7-8484-4AC65E1B71E8}
		{4181EBFE-487D-4F62-BF12-DAC796116E77} = {B69DEC13-0F43-498E-AA12-3A0EE8BB267D}
		{56BF40A1-E73F-4923-A950-402617DB5002} = {B69DEC13-0F43-498E-AA12-3A0EE8BB267D}
		{03672CD9-EE86-4BB1-A83D-2D683DEF2BFD} = {B69DEC13-0F43-498E-AA12-3A0EE8BB267D}
		{206456F3-9D9F-4A52-97CC-7A813816A36C} = {01BE60E0-4732-416F-A622-3DB54CE4D525}
		{622161FA-8460-4652-9FFC-DCA3251FBC7A} = {C13FB597-FD48-44C5-A2D1-DC1F74AF4682}
		{9E30E7F6-40CC-4232-8BAF-487496B002B9} = {C13FB597-FD48-44C5-A2D1-DC1F74AF4682}
	EndGlobalSection
	GlobalSection(ExtensibilityGlobals) = postSolution
		SolutionGuid = {9C33A5C4-4CC2-49D6-8B08-E3DD981DB651}
	EndGlobalSection
EndGlobal
