
Microsoft Visual Studio Solution File, Format Version 12.00
# Visual Studio Version 17
VisualStudioVersion = 17.13.35806.99 d17.13
MinimumVisualStudioVersion = 10.0.40219.1
Project("{FAE04EC0-301F-11D3-BF4B-00C04F79EFBC}") = "User_Control", "User_Control.csproj", "{DD528788-DA4E-4E50-922E-3A203368EA08}"
EndProject
Global
	GlobalSection(SolutionConfigurationPlatforms) = preSolution
		Debug|Any CPU = Debug|Any CPU
		Release|Any CPU = Release|Any CPU
	EndGlobalSection
	GlobalSection(ProjectConfigurationPlatforms) = postSolution
		{DD528788-DA4E-4E50-922E-3A203368EA08}.Debug|Any CPU.ActiveCfg = Debug|Any CPU
		{DD528788-DA4E-4E50-922E-3A203368EA08}.Debug|Any CPU.Build.0 = Debug|Any CPU
		{DD528788-DA4E-4E50-922E-3A203368EA08}.Release|Any CPU.ActiveCfg = Release|Any CPU
		{DD528788-DA4E-4E50-922E-3A203368EA08}.Release|Any CPU.Build.0 = Release|Any CPU
	EndGlobalSection
	GlobalSection(SolutionProperties) = preSolution
		HideSolutionNode = FALSE
	EndGlobalSection
	GlobalSection(ExtensibilityGlobals) = postSolution
		SolutionGuid = {6A17DE2D-8B96-4A8E-9469-576AE9C560FC}
	EndGlobalSection
EndGlobal
