
Microsoft Visual Studio Solution File, Format Version 12.00
# Visual Studio Version 17
VisualStudioVersion = 17.13.35806.99
MinimumVisualStudioVersion = 10.0.40219.1
Project("{FAE04EC0-301F-11D3-BF4B-00C04F79EFBC}") = "WinForm-Exercises", "WinForm-Exercises.csproj", "{72F07398-A90C-4D0F-83B7-A8E8B1A0E4E8}"
EndProject
Project("{FAE04EC0-301F-11D3-BF4B-00C04F79EFBC}") = "MyCustomControls", "..\MyCustomControls\MyCustomControls.csproj", "{92E1B94C-AE80-4B12-A3B2-AD3E14A002F2}"
EndProject
Global
	GlobalSection(SolutionConfigurationPlatforms) = preSolution
		Debug|Any CPU = Debug|Any CPU
		Release|Any CPU = Release|Any CPU
	EndGlobalSection
	GlobalSection(ProjectConfigurationPlatforms) = postSolution
		{72F07398-A90C-4D0F-83B7-A8E8B1A0E4E8}.Debug|Any CPU.ActiveCfg = Debug|Any CPU
		{72F07398-A90C-4D0F-83B7-A8E8B1A0E4E8}.Debug|Any CPU.Build.0 = Debug|Any CPU
		{72F07398-A90C-4D0F-83B7-A8E8B1A0E4E8}.Release|Any CPU.ActiveCfg = Release|Any CPU
		{72F07398-A90C-4D0F-83B7-A8E8B1A0E4E8}.Release|Any CPU.Build.0 = Release|Any CPU
		{92E1B94C-AE80-4B12-A3B2-AD3E14A002F2}.Debug|Any CPU.ActiveCfg = Debug|Any CPU
		{92E1B94C-AE80-4B12-A3B2-AD3E14A002F2}.Debug|Any CPU.Build.0 = Debug|Any CPU
		{92E1B94C-AE80-4B12-A3B2-AD3E14A002F2}.Release|Any CPU.ActiveCfg = Release|Any CPU
		{92E1B94C-AE80-4B12-A3B2-AD3E14A002F2}.Release|Any CPU.Build.0 = Release|Any CPU
	EndGlobalSection
	GlobalSection(SolutionProperties) = preSolution
		HideSolutionNode = FALSE
	EndGlobalSection
	GlobalSection(ExtensibilityGlobals) = postSolution
		SolutionGuid = {EF59820D-EE98-4F4F-9EF3-BAB1D69A6243}
	EndGlobalSection
EndGlobal
