
Microsoft Visual Studio Solution File, Format Version 12.00
# Visual Studio Version 17
VisualStudioVersion = 17.13.35931.197 d17.13
MinimumVisualStudioVersion = 10.0.40219.1
Project("{FAE04EC0-301F-11D3-BF4B-00C04F79EFBC}") = "01_Task Class", "01_Task Class.csproj", "{2EACC846-4EC6-4D0E-81C6-0BA7CDCE3674}"
EndProject
Global
	GlobalSection(SolutionConfigurationPlatforms) = preSolution
		Debug|Any CPU = Debug|Any CPU
		Release|Any CPU = Release|Any CPU
	EndGlobalSection
	GlobalSection(ProjectConfigurationPlatforms) = postSolution
		{2EACC846-4EC6-4D0E-81C6-0BA7CDCE3674}.Debug|Any CPU.ActiveCfg = Debug|Any CPU
		{2EACC846-4EC6-4D0E-81C6-0BA7CDCE3674}.Debug|Any CPU.Build.0 = Debug|Any CPU
		{2EACC846-4EC6-4D0E-81C6-0BA7CDCE3674}.Release|Any CPU.ActiveCfg = Release|Any CPU
		{2EACC846-4EC6-4D0E-81C6-0BA7CDCE3674}.Release|Any CPU.Build.0 = Release|Any CPU
	EndGlobalSection
	GlobalSection(SolutionProperties) = preSolution
		HideSolutionNode = FALSE
	EndGlobalSection
	GlobalSection(ExtensibilityGlobals) = postSolution
		SolutionGuid = {E1EA35FB-7D3F-45A0-B3F2-E18876DC5463}
	EndGlobalSection
EndGlobal
