
Microsoft Visual Studio Solution File, Format Version 12.00
# Visual Studio Version 17
VisualStudioVersion = 17.13.35931.197 d17.13
MinimumVisualStudioVersion = 10.0.40219.1
Project("{FAE04EC0-301F-11D3-BF4B-00C04F79EFBC}") = "Validation Example", "Validation Example.csproj", "{31D74781-334B-4907-81CE-63495156BF45}"
EndProject
Global
	GlobalSection(SolutionConfigurationPlatforms) = preSolution
		Debug|Any CPU = Debug|Any CPU
		Release|Any CPU = Release|Any CPU
	EndGlobalSection
	GlobalSection(ProjectConfigurationPlatforms) = postSolution
		{31D74781-334B-4907-81CE-63495156BF45}.Debug|Any CPU.ActiveCfg = Debug|Any CPU
		{31D74781-334B-4907-81CE-63495156BF45}.Debug|Any CPU.Build.0 = Debug|Any CPU
		{31D74781-334B-4907-81CE-63495156BF45}.Release|Any CPU.ActiveCfg = Release|Any CPU
		{31D74781-334B-4907-81CE-63495156BF45}.Release|Any CPU.Build.0 = Release|Any CPU
	EndGlobalSection
	GlobalSection(SolutionProperties) = preSolution
		HideSolutionNode = FALSE
	EndGlobalSection
	GlobalSection(ExtensibilityGlobals) = postSolution
		SolutionGuid = {088C81D3-6A75-4570-83D5-7FA7D6164993}
	EndGlobalSection
EndGlobal
