
Microsoft Visual Studio Solution File, Format Version 12.00
# Visual Studio Version 17
VisualStudioVersion = 17.14.36408.4 d17.14
MinimumVisualStudioVersion = 10.0.40219.1
Project("{FAE04EC0-301F-11D3-BF4B-00C04F79EFBC}") = "05_LINQ-AggregatingData", "05_LINQ-AggregatingData\05_LINQ-AggregatingData.csproj", "{1669DAE2-765B-489C-8543-FF2C3A59A423}"
EndProject
Global
	GlobalSection(SolutionConfigurationPlatforms) = preSolution
		Debug|Any CPU = Debug|Any CPU
		Release|Any CPU = Release|Any CPU
	EndGlobalSection
	GlobalSection(ProjectConfigurationPlatforms) = postSolution
		{1669DAE2-765B-489C-8543-FF2C3A59A423}.Debug|Any CPU.ActiveCfg = Debug|Any CPU
		{1669DAE2-765B-489C-8543-FF2C3A59A423}.Debug|Any CPU.Build.0 = Debug|Any CPU
		{1669DAE2-765B-489C-8543-FF2C3A59A423}.Release|Any CPU.ActiveCfg = Release|Any CPU
		{1669DAE2-765B-489C-8543-FF2C3A59A423}.Release|Any CPU.Build.0 = Release|Any CPU
	EndGlobalSection
	GlobalSection(SolutionProperties) = preSolution
		HideSolutionNode = FALSE
	EndGlobalSection
	GlobalSection(ExtensibilityGlobals) = postSolution
		SolutionGuid = {39820A7A-AA3B-4BE6-92A6-9301317BB5EA}
	EndGlobalSection
EndGlobal
