
Microsoft Visual Studio Solution File, Format Version 12.00
# Visual Studio Version 17
VisualStudioVersion = 17.13.35931.197 d17.13
MinimumVisualStudioVersion = 10.0.40219.1
Project("{FAE04EC0-301F-11D3-BF4B-00C04F79EFBC}") = "Func_Delegate", "Func_Delegate.csproj", "{15834BBB-F323-47AB-99D8-EA97D8E2CA77}"
EndProject
Global
	GlobalSection(SolutionConfigurationPlatforms) = preSolution
		Debug|Any CPU = Debug|Any CPU
		Release|Any CPU = Release|Any CPU
	EndGlobalSection
	GlobalSection(ProjectConfigurationPlatforms) = postSolution
		{15834BBB-F323-47AB-99D8-EA97D8E2CA77}.Debug|Any CPU.ActiveCfg = Debug|Any CPU
		{15834BBB-F323-47AB-99D8-EA97D8E2CA77}.Debug|Any CPU.Build.0 = Debug|Any CPU
		{15834BBB-F323-47AB-99D8-EA97D8E2CA77}.Release|Any CPU.ActiveCfg = Release|Any CPU
		{15834BBB-F323-47AB-99D8-EA97D8E2CA77}.Release|Any CPU.Build.0 = Release|Any CPU
	EndGlobalSection
	GlobalSection(SolutionProperties) = preSolution
		HideSolutionNode = FALSE
	EndGlobalSection
	GlobalSection(ExtensibilityGlobals) = postSolution
		SolutionGuid = {239CD01A-97BD-4491-B6E8-42FE8B80CF88}
	EndGlobalSection
EndGlobal
