
Microsoft Visual Studio Solution File, Format Version 12.00
# Visual Studio Version 17
VisualStudioVersion = 17.13.35931.197 d17.13
MinimumVisualStudioVersion = 10.0.40219.1
Project("{FAE04EC0-301F-11D3-BF4B-00C04F79EFBC}") = "01_Hashing", "01_Hashing.csproj", "{F336ED45-3EC0-40A3-B78C-286F9E26615B}"
EndProject
Global
	GlobalSection(SolutionConfigurationPlatforms) = preSolution
		Debug|Any CPU = Debug|Any CPU
		Release|Any CPU = Release|Any CPU
	EndGlobalSection
	GlobalSection(ProjectConfigurationPlatforms) = postSolution
		{F336ED45-3EC0-40A3-B78C-286F9E26615B}.Debug|Any CPU.ActiveCfg = Debug|Any CPU
		{F336ED45-3EC0-40A3-B78C-286F9E26615B}.Debug|Any CPU.Build.0 = Debug|Any CPU
		{F336ED45-3EC0-40A3-B78C-286F9E26615B}.Release|Any CPU.ActiveCfg = Release|Any CPU
		{F336ED45-3EC0-40A3-B78C-286F9E26615B}.Release|Any CPU.Build.0 = Release|Any CPU
	EndGlobalSection
	GlobalSection(SolutionProperties) = preSolution
		HideSolutionNode = FALSE
	EndGlobalSection
	GlobalSection(ExtensibilityGlobals) = postSolution
		SolutionGuid = {04F41603-C0C1-438E-AC89-84C5B53FAFC6}
	EndGlobalSection
EndGlobal
