
Microsoft Visual Studio Solution File, Format Version 12.00
# Visual Studio Version 17
VisualStudioVersion = 17.14.36408.4
MinimumVisualStudioVersion = 10.0.40219.1
Project("{FAE04EC0-301F-11D3-BF4B-00C04F79EFBC}") = "01_Inserting_Exercises", "01_Inserting_Exercises\01_Inserting_Exercises.csproj", "{A98FB0D5-658A-4D63-8114-88F99C00E3D8}"
EndProject
Project("{FAE04EC0-301F-11D3-BF4B-00C04F79EFBC}") = "02_Removing Exercises", "02_Removing Exercises\02_Removing Exercises.csproj", "{6B89CDCA-DFB8-49D2-84DB-52659E2C094F}"
EndProject
Project("{FAE04EC0-301F-11D3-BF4B-00C04F79EFBC}") = "03_List.ForEach", "List.ForEach\03_List.ForEach.csproj", "{56696038-2778-4E52-8742-4B072BBD23DF}"
EndProject
Project("{FAE04EC0-301F-11D3-BF4B-00C04F79EFBC}") = "04_Aggregating Data-LINQ", "04_Aggregating Data-LINQ\04_Aggregating Data-LINQ.csproj", "{B3362D55-0DAE-44E7-AF69-B7055596E0BE}"
EndProject
Project("{FAE04EC0-301F-11D3-BF4B-00C04F79EFBC}") = "05_FilteringData-Where()", "05_FilteringData-Where()\05_FilteringData-Where().csproj", "{EBB77866-A89C-449F-8538-AE30C7F9BAC2}"
EndProject
Project("{FAE04EC0-301F-11D3-BF4B-00C04F79EFBC}") = "06_Searching Functions", "06_Searching Functions\06_Searching Functions.csproj", "{21CC1EF3-273B-44D1-BB4E-5586F4BCAAB2}"
EndProject
Global
	GlobalSection(SolutionConfigurationPlatforms) = preSolution
		Debug|Any CPU = Debug|Any CPU
		Release|Any CPU = Release|Any CPU
	EndGlobalSection
	GlobalSection(ProjectConfigurationPlatforms) = postSolution
		{A98FB0D5-658A-4D63-8114-88F99C00E3D8}.Debug|Any CPU.ActiveCfg = Debug|Any CPU
		{A98FB0D5-658A-4D63-8114-88F99C00E3D8}.Debug|Any CPU.Build.0 = Debug|Any CPU
		{A98FB0D5-658A-4D63-8114-88F99C00E3D8}.Release|Any CPU.ActiveCfg = Release|Any CPU
		{A98FB0D5-658A-4D63-8114-88F99C00E3D8}.Release|Any CPU.Build.0 = Release|Any CPU
		{6B89CDCA-DFB8-49D2-84DB-52659E2C094F}.Debug|Any CPU.ActiveCfg = Debug|Any CPU
		{6B89CDCA-DFB8-49D2-84DB-52659E2C094F}.Debug|Any CPU.Build.0 = Debug|Any CPU
		{6B89CDCA-DFB8-49D2-84DB-52659E2C094F}.Release|Any CPU.ActiveCfg = Release|Any CPU
		{6B89CDCA-DFB8-49D2-84DB-52659E2C094F}.Release|Any CPU.Build.0 = Release|Any CPU
		{56696038-2778-4E52-8742-4B072BBD23DF}.Debug|Any CPU.ActiveCfg = Debug|Any CPU
		{56696038-2778-4E52-8742-4B072BBD23DF}.Debug|Any CPU.Build.0 = Debug|Any CPU
		{56696038-2778-4E52-8742-4B072BBD23DF}.Release|Any CPU.ActiveCfg = Release|Any CPU
		{56696038-2778-4E52-8742-4B072BBD23DF}.Release|Any CPU.Build.0 = Release|Any CPU
		{B3362D55-0DAE-44E7-AF69-B7055596E0BE}.Debug|Any CPU.ActiveCfg = Debug|Any CPU
		{B3362D55-0DAE-44E7-AF69-B7055596E0BE}.Debug|Any CPU.Build.0 = Debug|Any CPU
		{B3362D55-0DAE-44E7-AF69-B7055596E0BE}.Release|Any CPU.ActiveCfg = Release|Any CPU
		{B3362D55-0DAE-44E7-AF69-B7055596E0BE}.Release|Any CPU.Build.0 = Release|Any CPU
		{EBB77866-A89C-449F-8538-AE30C7F9BAC2}.Debug|Any CPU.ActiveCfg = Debug|Any CPU
		{EBB77866-A89C-449F-8538-AE30C7F9BAC2}.Debug|Any CPU.Build.0 = Debug|Any CPU
		{EBB77866-A89C-449F-8538-AE30C7F9BAC2}.Release|Any CPU.ActiveCfg = Release|Any CPU
		{EBB77866-A89C-449F-8538-AE30C7F9BAC2}.Release|Any CPU.Build.0 = Release|Any CPU
		{21CC1EF3-273B-44D1-BB4E-5586F4BCAAB2}.Debug|Any CPU.ActiveCfg = Debug|Any CPU
		{21CC1EF3-273B-44D1-BB4E-5586F4BCAAB2}.Debug|Any CPU.Build.0 = Debug|Any CPU
		{21CC1EF3-273B-44D1-BB4E-5586F4BCAAB2}.Release|Any CPU.ActiveCfg = Release|Any CPU
		{21CC1EF3-273B-44D1-BB4E-5586F4BCAAB2}.Release|Any CPU.Build.0 = Release|Any CPU
	EndGlobalSection
	GlobalSection(SolutionProperties) = preSolution
		HideSolutionNode = FALSE
	EndGlobalSection
	GlobalSection(ExtensibilityGlobals) = postSolution
		SolutionGuid = {7BE8F6AE-B210-4AFE-BFD7-711D00FFCD72}
	EndGlobalSection
EndGlobal
