
Microsoft Visual Studio Solution File, Format Version 12.00
# Visual Studio Version 17
VisualStudioVersion = 17.14.36511.14 d17.14
MinimumVisualStudioVersion = 10.0.40219.1
Project("{FAE04EC0-301F-11D3-BF4B-00C04F79EFBC}") = "01-linkedList", "01-linkedList\01-linkedList.csproj", "{7957F05F-0CFA-4A91-8FF7-AB13647EE21E}"
EndProject
Global
	GlobalSection(SolutionConfigurationPlatforms) = preSolution
		Debug|Any CPU = Debug|Any CPU
		Release|Any CPU = Release|Any CPU
	EndGlobalSection
	GlobalSection(ProjectConfigurationPlatforms) = postSolution
		{7957F05F-0CFA-4A91-8FF7-AB13647EE21E}.Debug|Any CPU.ActiveCfg = Debug|Any CPU
		{7957F05F-0CFA-4A91-8FF7-AB13647EE21E}.Debug|Any CPU.Build.0 = Debug|Any CPU
		{7957F05F-0CFA-4A91-8FF7-AB13647EE21E}.Release|Any CPU.ActiveCfg = Release|Any CPU
		{7957F05F-0CFA-4A91-8FF7-AB13647EE21E}.Release|Any CPU.Build.0 = Release|Any CPU
	EndGlobalSection
	GlobalSection(SolutionProperties) = preSolution
		HideSolutionNode = FALSE
	EndGlobalSection
	GlobalSection(ExtensibilityGlobals) = postSolution
		SolutionGuid = {2BB71284-D61B-4C4A-B061-8E81AB8908B1}
	EndGlobalSection
EndGlobal
